// !$*UTF8*$!
{
	archiveVersion = 1;
	classes = {
	};
	objectVersion = 46;
	objects = {

/* Begin PBXBuildFile section */
		2ED178D319C34E09005A288C /* AppDelegate.swift in Sources */ = {isa = PBXBuildFile; fileRef = 2ED178D219C34E09005A288C /* AppDelegate.swift */; };
		2ED178D519C34E09005A288C /* ViewController.swift in Sources */ = {isa = PBXBuildFile; fileRef = 2ED178D419C34E09005A288C /* ViewController.swift */; };
		2ED178D819C34E09005A288C /* Main.storyboard in Resources */ = {isa = PBXBuildFile; fileRef = 2ED178D619C34E09005A288C /* Main.storyboard */; };
		2ED178DA19C34E09005A288C /* Images.xcassets in Resources */ = {isa = PBXBuildFile; fileRef = 2ED178D919C34E09005A288C /* Images.xcassets */; };
		2ED178DD19C34E09005A288C /* LaunchScreen.xib in Resources */ = {isa = PBXBuildFile; fileRef = 2ED178DB19C34E09005A288C /* LaunchScreen.xib */; };
		2ED178E919C34E0A005A288C /* PostCardTests.swift in Sources */ = {isa = PBXBuildFile; fileRef = 2ED178E819C34E0A005A288C /* PostCardTests.swift */; };
/* End PBXBuildFile section */

/* Begin PBXContainerItemProxy section */
		2ED178E319C34E0A005A288C /* PBXContainerItemProxy */ = {
			isa = PBXContainerItemProxy;
			containerPortal = 2ED178C519C34E09005A288C /* Project object */;
			proxyType = 1;
			remoteGlobalIDString = 2ED178CC19C34E09005A288C;
			remoteInfo = PostCard;
		};
/* End PBXContainerItemProxy section */

/* Begin PBXFileReference section */
		2ED178CD19C34E09005A288C /* PostCard.app */ = {isa = PBXFileReference; explicitFileType = wrapper.application; includeInIndex = 0; path = PostCard.app; sourceTree = BUILT_PRODUCTS_DIR; };
		2ED178D119C34E09005A288C /* Info.plist */ = {isa = PBXFileReference; lastKnownFileType = text.plist.xml; path = Info.plist; sourceTree = "<group>"; };
		2ED178D219C34E09005A288C /* AppDelegate.swift */ = {isa = PBXFileReference; lastKnownFileType = sourcecode.swift; path = AppDelegate.swift; sourceTree = "<group>"; };
		2ED178D419C34E09005A288C /* ViewController.swift */ = {isa = PBXFileReference; lastKnownFileType = sourcecode.swift; path = ViewController.swift; sourceTree = "<group>"; };
		2ED178D719C34E09005A288C /* Base */ = {isa = PBXFileReference; lastKnownFileType = file.storyboard; name = Base; path = Base.lproj/Main.storyboard; sourceTree = "<group>"; };
		2ED178D919C34E09005A288C /* Images.xcassets */ = {isa = PBXFileReference; lastKnownFileType = folder.assetcatalog; path = Images.xcassets; sourceTree = "<group>"; };
		2ED178DC19C34E09005A288C /* Base */ = {isa = PBXFileReference; lastKnownFileType = file.xib; name = Base; path = Base.lproj/LaunchScreen.xib; sourceTree = "<group>"; };
		2ED178E219C34E09005A288C /* PostCardTests.xctest */ = {isa = PBXFileReference; explicitFileType = wrapper.cfbundle; includeInIndex = 0; path = PostCardTests.xctest; sourceTree = BUILT_PRODUCTS_DIR; };
		2ED178E719C34E0A005A288C /* Info.plist */ = {isa = PBXFileReference; lastKnownFileType = text.plist.xml; path = Info.plist; sourceTree = "<group>"; };
		2ED178E819C34E0A005A288C /* PostCardTests.swift */ = {isa = PBXFileReference; lastKnownFileType = sourcecode.swift; path = PostCardTests.swift; sourceTree = "<group>"; };
/* End PBXFileReference section */

/* Begin PBXFrameworksBuildPhase section */
		2ED178CA19C34E09005A288C /* Frameworks */ = {
			isa = PBXFrameworksBuildPhase;
			buildActionMask = 2147483647;
			files = (
			);
			runOnlyForDeploymentPostprocessing = 0;
		};
		2ED178DF19C34E09005A288C /* Frameworks */ = {
			isa = PBXFrameworksBuildPhase;
			buildActionMask = 2147483647;
			files = (
			);
			runOnlyForDeploymentPostprocessing = 0;
		};
/* End PBXFrameworksBuildPhase section */

/* Begin PBXGroup section */
		2ED178C419C34E09005A288C = {
			isa = PBXGroup;
			children = (
				2ED178CF19C34E09005A288C /* PostCard */,
				2ED178E519C34E0A005A288C /* PostCardTests */,
				2ED178CE19C34E09005A288C /* Products */,
			);
			sourceTree = "<group>";
		};
		2ED178CE19C34E09005A288C /* Products */ = {
			isa = PBXGroup;
			children = (
				2ED178CD19C34E09005A288C /* PostCard.app */,
				2ED178E219C34E09005A288C /* PostCardTests.xctest */,
			);
			name = Products;
			sourceTree = "<group>";
		};
		2ED178CF19C34E09005A288C /* PostCard */ = {
			isa = PBXGroup;
			children = (
				2ED178D219C34E09005A288C /* AppDelegate.swift */,
				2ED178D419C34E09005A288C /* ViewController.swift */,
				2ED178D619C34E09005A288C /* Main.storyboard */,
				2ED178D919C34E09005A288C /* Images.xcassets */,
				2ED178DB19C34E09005A288C /* LaunchScreen.xib */,
				2ED178D019C34E09005A288C /* Supporting Files */,
			);
			path = PostCard;
			sourceTree = "<group>";
		};
		2ED178D019C34E09005A288C /* Supporting Files */ = {
			isa = PBXGroup;
			children = (
				2ED178D119C34E09005A288C /* Info.plist */,
			);
			name = "Supporting Files";
			sourceTree = "<group>";
		};
		2ED178E519C34E0A005A288C /* PostCardTests */ = {
			isa = PBXGroup;
			children = (
				2ED178E819C34E0A005A288C /* PostCardTests.swift */,
				2ED178E619C34E0A005A288C /* Supporting Files */,
			);
			path = PostCardTests;
			sourceTree = "<group>";
		};
		2ED178E619C34E0A005A288C /* Supporting Files */ = {
			isa = PBXGroup;
			children = (
				2ED178E719C34E0A005A288C /* Info.plist */,
			);
			name = "Supporting Files";
			sourceTree = "<group>";
		};
/* End PBXGroup section */

/* Begin PBXNativeTarget section */
		2ED178CC19C34E09005A288C /* PostCard */ = {
			isa = PBXNativeTarget;
			buildConfigurationList = 2ED178EC19C34E0A005A288C /* Build configuration list for PBXNativeTarget "PostCard" */;
			buildPhases = (
				2ED178C919C34E09005A288C /* Sources */,
				2ED178CA19C34E09005A288C /* Frameworks */,
				2ED178CB19C34E09005A288C /* Resources */,
			);
			buildRules = (
			);
			dependencies = (
			);
			name = PostCard;
			productName = PostCard;
			productReference = 2ED178CD19C34E09005A288C /* PostCard.app */;
			productType = "com.apple.product-type.application";
		};
		2ED178E119C34E09005A288C /* PostCardTests */ = {
			isa = PBXNativeTarget;
			buildConfigurationList = 2ED178EF19C34E0A005A288C /* Build configuration list for PBXNativeTarget "PostCardTests" */;
			buildPhases = (
				2ED178DE19C34E09005A288C /* Sources */,
				2ED178DF19C34E09005A288C /* Frameworks */,
				2ED178E019C34E09005A288C /* Resources */,
			);
			buildRules = (
			);
			dependencies = (
				2ED178E419C34E0A005A288C /* PBXTargetDependency */,
			);
			name = PostCardTests;
			productName = PostCardTests;
			productReference = 2ED178E219C34E09005A288C /* PostCardTests.xctest */;
			productType = "com.apple.product-type.bundle.unit-test";
		};
/* End PBXNativeTarget section */

/* Begin PBXProject section */
		2ED178C519C34E09005A288C /* Project object */ = {
			isa = PBXProject;
			attributes = {
				LastUpgradeCheck = 0600;
				ORGANIZATIONNAME = PhollyPhlox;
				TargetAttributes = {
					2ED178CC19C34E09005A288C = {
						CreatedOnToolsVersion = 6.0;
					};
					2ED178E119C34E09005A288C = {
						CreatedOnToolsVersion = 6.0;
						TestTargetID = 2ED178CC19C34E09005A288C;
					};
				};
			};
			buildConfigurationList = 2ED178C819C34E09005A288C /* Build configuration list for PBXProject "PostCard" */;
			compatibilityVersion = "Xcode 3.2";
			developmentRegion = English;
			hasScannedForEncodings = 0;
			knownRegions = (
				en,
				Base,
			);
			mainGroup = 2ED178C419C34E09005A288C;
			productRefGroup = 2ED178CE19C34E09005A288C /* Products */;
			projectDirPath = "";
			projectRoot = "";
			targets = (
				2ED178CC19C34E09005A288C /* PostCard */,
				2ED178E119C34E09005A288C /* PostCardTests */,
			);
		};
/* End PBXProject section */

/* Begin PBXResourcesBuildPhase section */
		2ED178CB19C34E09005A288C /* Resources */ = {
			isa = PBXResourcesBuildPhase;
			buildActionMask = 2147483647;
			files = (
				2ED178D819C34E09005A288C /* Main.storyboard in Resources */,
				2ED178DD19C34E09005A288C /* LaunchScreen.xib in Resources */,
				2ED178DA19C34E09005A288C /* Images.xcassets in Resources */,
			);
			runOnlyForDeploymentPostprocessing = 0;
		};
		2ED178E019C34E09005A288C /* Resources */ = {
			isa = PBXResourcesBuildPhase;
			buildActionMask = 2147483647;
			files = (
			);
			runOnlyForDeploymentPostprocessing = 0;
		};
/* End PBXResourcesBuildPhase section */

/* Begin PBXSourcesBuildPhase section */
		2ED178C919C34E09005A288C /* Sources */ = {
			isa = PBXSourcesBuildPhase;
			buildActionMask = 2147483647;
			files = (
				2ED178D519C34E09005A288C /* ViewController.swift in Sources */,
				2ED178D319C34E09005A288C /* AppDelegate.swift in Sources */,
			);
			runOnlyForDeploymentPostprocessing = 0;
		};
		2ED178DE19C34E09005A288C /* Sources */ = {
			isa = PBXSourcesBuildPhase;
			buildActionMask = 2147483647;
			files = (
				2ED178E919C34E0A005A288C /* PostCardTests.swift in Sources */,
			);
			runOnlyForDeploymentPostprocessing = 0;
		};
/* End PBXSourcesBuildPhase section */

/* Begin PBXTargetDependency section */
		2ED178E419C34E0A005A288C /* PBXTargetDependency */ = {
			isa = PBXTargetDependency;
			target = 2ED178CC19C34E09005A288C /* PostCard */;
			targetProxy = 2ED178E319C34E0A005A288C /* PBXContainerItemProxy */;
		};
/* End PBXTargetDependency section */

/* Begin PBXVariantGroup section */
		2ED178D619C34E09005A288C /* Main.storyboard */ = {
			isa = PBXVariantGroup;
			children = (
				2ED178D719C34E09005A288C /* Base */,
			);
			name = Main.storyboard;
			sourceTree = "<group>";
		};
		2ED178DB19C34E09005A288C /* LaunchScreen.xib */ = {
			isa = PBXVariantGroup;
			children = (
				2ED178DC19C34E09005A288C /* Base */,
			);
			name = LaunchScreen.xib;
			sourceTree = "<group>";
		};
/* End PBXVariantGroup section */

/* Begin XCBuildConfiguration section */
		2ED178EA19C34E0A005A288C /* Debug */ = {
			isa = XCBuildConfiguration;
			buildSettings = {
				ALWAYS_SEARCH_USER_PATHS = NO;
				CLANG_CXX_LANGUAGE_STANDARD = "gnu++0x";
				CLANG_CXX_LIBRARY = "libc++";
				CLANG_ENABLE_MODULES = YES;
				CLANG_ENABLE_OBJC_ARC = YES;
				CLANG_WARN_BOOL_CONVERSION = YES;
				CLANG_WARN_CONSTANT_CONVERSION = YES;
				CLANG_WARN_DIRECT_OBJC_ISA_USAGE = YES_ERROR;
				CLANG_WARN_EMPTY_BODY = YES;
				CLANG_WARN_ENUM_CONVERSION = YES;
				CLANG_WARN_INT_CONVERSION = YES;
				CLANG_WARN_OBJC_ROOT_CLASS = YES_ERROR;
				CLANG_WARN_UNREACHABLE_CODE = YES;
				CLANG_WARN__DUPLICATE_METHOD_MATCH = YES;
				"CODE_SIGN_IDENTITY[sdk=iphoneos*]" = "iPhone Developer";
				COPY_PHASE_STRIP = NO;
				ENABLE_STRICT_OBJC_MSGSEND = YES;
				GCC_C_LANGUAGE_STANDARD = gnu99;
				GCC_DYNAMIC_NO_PIC = NO;
				GCC_OPTIMIZATION_LEVEL = 0;
				GCC_PREPROCESSOR_DEFINITIONS = (
					"DEBUG=1",
					"$(inherited)",
				);
				GCC_SYMBOLS_PRIVATE_EXTERN = NO;
				GCC_WARN_64_TO_32_BIT_CONVERSION = YES;
				GCC_WARN_ABOUT_RETURN_TYPE = YES_ERROR;
				GCC_WARN_UNDECLARED_SELECTOR = YES;
				GCC_WARN_UNINITIALIZED_AUTOS = YES_AGGRESSIVE;
				GCC_WARN_UNUSED_FUNCTION = YES;
				GCC_WARN_UNUSED_VARIABLE = YES;
				IPHONEOS_DEPLOYMENT_TARGET = 8.0;
				MTL_ENABLE_DEBUG_INFO = YES;
				ONLY_ACTIVE_ARCH = YES;
				SDKROOT = iphoneos;
				SWIFT_OPTIMIZATION_LEVEL = "-Onone";
			};
			name = Debug;
		};
		2ED178EB19C34E0A005A288C /* Release */ = {
			isa = XCBuildConfiguration;
			buildSettings = {
				ALWAYS_SEARCH_USER_PATHS = NO;
				CLANG_CXX_LANGUAGE_STANDARD = "gnu++0x";
				CLANG_CXX_LIBRARY = "libc++";
				CLANG_ENABLE_MODULES = YES;
				CLANG_ENABLE_OBJC_ARC = YES;
				CLANG_WARN_BOOL_CONVERSION = YES;
				CLANG_WARN_CONSTANT_CONVERSION = YES;
				CLANG_WARN_DIRECT_OBJC_ISA_USAGE = YES_ERROR;
				CLANG_WARN_EMPTY_BODY = YES;
				CLANG_WARN_ENUM_CONVERSION = YES;
				CLANG_WARN_INT_CONVERSION = YES;
				CLANG_WARN_OBJC_ROOT_CLASS = YES_ERROR;
				CLANG_WARN_UNREACHABLE_CODE = YES;
				CLANG_WARN__DUPLICATE_METHOD_MATCH = YES;
				"CODE_SIGN_IDENTITY[sdk=iphoneos*]" = "iPhone Developer";
				COPY_PHASE_STRIP = YES;
				ENABLE_NS_ASSERTIONS = NO;
				ENABLE_STRICT_OBJC_MSGSEND = YES;
				GCC_C_LANGUAGE_STANDARD = gnu99;
				GCC_WARN_64_TO_32_BIT_CONVERSION = YES;
				GCC_WARN_ABOUT_RETURN_TYPE = YES_ERROR;
				GCC_WARN_UNDECLARED_SELECTOR = YES;
				GCC_WARN_UNINITIALIZED_AUTOS = YES_AGGRESSIVE;
				GCC_WARN_UNUSED_FUNCTION = YES;
				GCC_WARN_UNUSED_VARIABLE = YES;
				IPHONEOS_DEPLOYMENT_TARGET = 8.0;
				MTL_ENABLE_DEBUG_INFO = NO;
				SDKROOT = iphoneos;
				VALIDATE_PRODUCT = YES;
			};
			name = Release;
		};
		2ED178ED19C34E0A005A288C /* Debug */ = {
			isa = XCBuildConfiguration;
			buildSettings = {
				ASSETCATALOG_COMPILER_APPICON_NAME = AppIcon;
				INFOPLIST_FILE = PostCard/Info.plist;
				LD_RUNPATH_SEARCH_PATHS = "$(inherited) @executable_path/Frameworks";
				PRODUCT_NAME = "$(TARGET_NAME)";
			};
			name = Debug;
		};
		2ED178EE19C34E0A005A288C /* Release */ = {
			isa = XCBuildConfiguration;
			buildSettings = {
				ASSETCATALOG_COMPILER_APPICON_NAME = AppIcon;
				INFOPLIST_FILE = PostCard/Info.plist;
				LD_RUNPATH_SEARCH_PATHS = "$(inherited) @executable_path/Frameworks";
				PRODUCT_NAME = "$(TARGET_NAME)";
			};
			name = Release;
		};
		2ED178F019C34E0A005A288C /* Debug */ = {
			isa = XCBuildConfiguration;
			buildSettings = {
				BUNDLE_LOADER = "$(TEST_HOST)";
				FRAMEWORK_SEARCH_PATHS = (
					"$(SDKROOT)/Developer/Library/Frameworks",
					"$(inherited)",
				);
				GCC_PREPROCESSOR_DEFINITIONS = (
					"DEBUG=1",
					"$(inherited)",
				);
				INFOPLIST_FILE = PostCardTests/Info.plist;
				LD_RUNPATH_SEARCH_PATHS = "$(inherited) @executable_path/Frameworks @loader_path/Frameworks";
				PRODUCT_NAME = "$(TARGET_NAME)";
				TEST_HOST = "$(BUILT_PRODUCTS_DIR)/PostCard.app/PostCard";
			};
			name = Debug;
		};
		2ED178F119C34E0A005A288C /* Release */ = {
			isa = XCBuildConfiguration;
			buildSettings = {
				BUNDLE_LOADER = "$(TEST_HOST)";
				FRAMEWORK_SEARCH_PATHS = (
					"$(SDKROOT)/Developer/Library/Frameworks",
					"$(inherited)",
				);
				INFOPLIST_FILE = PostCardTests/Info.plist;
				LD_RUNPATH_SEARCH_PATHS = "$(inherited) @executable_path/Frameworks @loader_path/Frameworks";
				PRODUCT_NAME = "$(TARGET_NAME)";
				TEST_HOST = "$(BUILT_PRODUCTS_DIR)/PostCard.app/PostCard";
			};
			name = Release;
		};
/* End XCBuildConfiguration section */

/* Begin XCConfigurationList section */
		2ED178C819C34E09005A288C /* Build configuration list for PBXProject "PostCard" */ = {
			isa = XCConfigurationList;
			buildConfigurations = (
				2ED178EA19C34E0A005A288C /* Debug */,
				2ED178EB19C34E0A005A288C /* Release */,
			);
			defaultConfigurationIsVisible = 0;
			defaultConfigurationName = Release;
		};
		2ED178EC19C34E0A005A288C /* Build configuration list for PBXNativeTarget "PostCard" */ = {
			isa = XCConfigurationList;
			buildConfigurations = (
				2ED178ED19C34E0A005A288C /* Debug */,
				2ED178EE19C34E0A005A288C /* Release */,
			);
			defaultConfigurationIsVisible = 0;
		};
		2ED178EF19C34E0A005A288C /* Build configuration list for PBXNativeTarget "PostCardTests" */ = {
			isa = XCConfigurationList;
			buildConfigurations = (
				2ED178F019C34E0A005A288C /* Debug */,
				2ED178F119C34E0A005A288C /* Release */,
			);
			defaultConfigurationIsVisible = 0;
		};
/* End XCConfigurationList section */
	};
	rootObject = 2ED178C519C34E09005A288C /* Project object */;
}
